
Microsoft Visual Studio Solution File, Format Version 12.00
# Visual Studio Version 17
VisualStudioVersion = 17.5.33516.290
MinimumVisualStudioVersion = 10.0.40219.1
Project("{FAE04EC0-301F-11D3-BF4B-00C04F79EFBC}") = "CHR-VRP", "CHR-VRP.csproj", "{29147ADF-C687-4DBD-B12E-E75CB85DED45}"
EndProject
Global
	GlobalSection(SolutionConfigurationPlatforms) = preSolution
		Debug|Any CPU = Debug|Any CPU
		Release|Any CPU = Release|Any CPU
	EndGlobalSection
	GlobalSection(ProjectConfigurationPlatforms) = postSolution
		{29147ADF-C687-4DBD-B12E-E75CB85DED45}.Debug|Any CPU.ActiveCfg = Debug|Any CPU
		{29147ADF-C687-4DBD-B12E-E75CB85DED45}.Debug|Any CPU.Build.0 = Debug|Any CPU
		{29147ADF-C687-4DBD-B12E-E75CB85DED45}.Release|Any CPU.ActiveCfg = Release|Any CPU
		{29147ADF-C687-4DBD-B12E-E75CB85DED45}.Release|Any CPU.Build.0 = Release|Any CPU
	EndGlobalSection
	GlobalSection(SolutionProperties) = preSolution
		HideSolutionNode = FALSE
	EndGlobalSection
	GlobalSection(ExtensibilityGlobals) = postSolution
		SolutionGuid = {FC556871-94DD-4399-B145-484EC8718E66}
	EndGlobalSection
EndGlobal
